
Microsoft Visual Studio Solution File, Format Version 12.00
# Visual Studio 2012
Project("{FAE04EC0-301F-11D3-BF4B-00C04F79EFBC}") = "TrackerAndroid", "TrackerAndroid\TrackerAndroid.csproj", "{718E8AF9-05EA-41DD-AD4A-B5C6D407430B}"
EndProject
Global
	GlobalSection(SolutionConfigurationPlatforms) = preSolution
		Debug|Any CPU = Debug|Any CPU
		Release|Any CPU = Release|Any CPU
	EndGlobalSection
	GlobalSection(ProjectConfigurationPlatforms) = postSolution
		{718E8AF9-05EA-41DD-AD4A-B5C6D407430B}.Debug|Any CPU.ActiveCfg = Debug|Any CPU
		{718E8AF9-05EA-41DD-AD4A-B5C6D407430B}.Debug|Any CPU.Build.0 = Debug|Any CPU
		{718E8AF9-05EA-41DD-AD4A-B5C6D407430B}.Release|Any CPU.ActiveCfg = Release|Any CPU
		{718E8AF9-05EA-41DD-AD4A-B5C6D407430B}.Release|Any CPU.Build.0 = Release|Any CPU
	EndGlobalSection
	GlobalSection(MonoDevelopProperties) = preSolution
		StartupItem = TrackerAndroid\TrackerAndroid.csproj
	EndGlobalSection
EndGlobal
